
Microsoft Visual Studio Solution File, Format Version 12.00
# Visual Studio 15
VisualStudioVersion = 15.0.27130.2027
MinimumVisualStudioVersion = 10.0.40219.1
Project("{FAE04EC0-301F-11D3-BF4B-00C04F79EFBC}") = "Ejercicio4", "Ejercicio4\Ejercicio4.csproj", "{C5AB2ABA-020F-4337-915A-B1284A287A8F}"
EndProject
Global
	GlobalSection(SolutionConfigurationPlatforms) = preSolution
		Debug|Any CPU = Debug|Any CPU
		Release|Any CPU = Release|Any CPU
	EndGlobalSection
	GlobalSection(ProjectConfigurationPlatforms) = postSolution
		{C5AB2ABA-020F-4337-915A-B1284A287A8F}.Debug|Any CPU.ActiveCfg = Debug|Any CPU
		{C5AB2ABA-020F-4337-915A-B1284A287A8F}.Debug|Any CPU.Build.0 = Debug|Any CPU
		{C5AB2ABA-020F-4337-915A-B1284A287A8F}.Release|Any CPU.ActiveCfg = Release|Any CPU
		{C5AB2ABA-020F-4337-915A-B1284A287A8F}.Release|Any CPU.Build.0 = Release|Any CPU
	EndGlobalSection
	GlobalSection(SolutionProperties) = preSolution
		HideSolutionNode = FALSE
	EndGlobalSection
	GlobalSection(ExtensibilityGlobals) = postSolution
		SolutionGuid = {8C5CF5C1-D969-4287-835A-47B27485FE96}
	EndGlobalSection
EndGlobal
